{
  "name": "xcx",
  "version": "1.0.0",
  "lockfileVersion": 1,
  "requires": true,
  "dependencies": {
    "extend": {
      "version": "3.0.2",
      "resolved": "https://mirrors.huaweicloud.com/repository/npm/extend/-/extend-3.0.2.tgz",
      "integrity": "sha512-fjquC59cD7CyW6urNXK0FBufkZcoiGG80wTuPujX590cB5Ttln20E2UB4S/WARVqhXffZl2LNgS+gQdPIIim/g=="
    },
    "weapp-qrcode-canvas-2d": {
      "version": "1.1.1",
      "resolved": "https://mirrors.huaweicloud.com/repository/npm/weapp-qrcode-canvas-2d/-/weapp-qrcode-canvas-2d-1.1.1.tgz",
      "integrity": "sha512-Sg37uxNz7+iXcO42DDSxL55JPRthO6wbQtgMUqLRcctFbnKcDzi+B70qozLVKy5cxhvfH2r4odCLwki5YjQTLA==",
      "requires": {
        "extend": "^3.0.2"
      }
    },
    "weui-miniprogram": {
      "version": "1.0.8",
      "resolved": "https://mirrors.huaweicloud.com/repository/npm/weui-miniprogram/-/weui-miniprogram-1.0.8.tgz",
      "integrity": "sha512-fm9Hi/3s2Imp2xufuxBcbzYxIcrVt0gPMIdjHfuIFA0Fxiukztc+c2nyFspmkI9YkrdHM1o2h6qsStdK+wFhWQ=="
    }
  }
}
